
Microsoft Visual Studio Solution File, Format Version 12.00
# Visual Studio Version 17
VisualStudioVersion = 17.2.32630.192
MinimumVisualStudioVersion = 10.0.40219.1
Project("{8BC9CEB8-8B4A-11D0-8D11-00A0C91BC942}") = "Prim", "Prim.vcxproj", "{FDE89E90-A70D-4E72-8B6D-AE41950E0EF4}"
EndProject
Global
	GlobalSection(SolutionConfigurationPlatforms) = preSolution
		Debug|x64 = Debug|x64
		Debug|x86 = Debug|x86
		Release|x64 = Release|x64
		Release|x86 = Release|x86
	EndGlobalSection
	GlobalSection(ProjectConfigurationPlatforms) = postSolution
		{FDE89E90-A70D-4E72-8B6D-AE41950E0EF4}.Debug|x64.ActiveCfg = Debug|x64
		{FDE89E90-A70D-4E72-8B6D-AE41950E0EF4}.Debug|x64.Build.0 = Debug|x64
		{FDE89E90-A70D-4E72-8B6D-AE41950E0EF4}.Debug|x86.ActiveCfg = Debug|Win32
		{FDE89E90-A70D-4E72-8B6D-AE41950E0EF4}.Debug|x86.Build.0 = Debug|Win32
		{FDE89E90-A70D-4E72-8B6D-AE41950E0EF4}.Release|x64.ActiveCfg = Release|x64
		{FDE89E90-A70D-4E72-8B6D-AE41950E0EF4}.Release|x64.Build.0 = Release|x64
		{FDE89E90-A70D-4E72-8B6D-AE41950E0EF4}.Release|x86.ActiveCfg = Release|Win32
		{FDE89E90-A70D-4E72-8B6D-AE41950E0EF4}.Release|x86.Build.0 = Release|Win32
	EndGlobalSection
	GlobalSection(SolutionProperties) = preSolution
		HideSolutionNode = FALSE
	EndGlobalSection
	GlobalSection(ExtensibilityGlobals) = postSolution
		SolutionGuid = {7AD24A97-E5E4-472B-92D5-EB13C541D316}
	EndGlobalSection
EndGlobal
